PODS:
  - RxCocoa (3.0.0):
    - RxSwift (~> 3.0)
  - RxSwift (3.0.0)

DEPENDENCIES:
  - RxCocoa (~> 3.0.0)
  - RxSwift (~> 3.0.0)

SPEC CHECKSUMS:
  RxCocoa: 0a2f3ae381cf16f4021a4cee7a4420f83058a965
  RxSwift: a930cd662f5b4a7ca9dc3518585dba91dadf497c

PODFILE CHECKSUM: 7128b0d00dc51dc9c2f05aea280318abf4f654b7

COCOAPODS: 1.1.1
