// !$*UTF8*$!
{
	archiveVersion = 1;
	classes = {
	};
	objectVersion = 46;
	objects = {

/* Begin PBXBuildFile section */
		2EF98CFDB2A23F846676D3C0 /* Pods_RxSwiftPractice.framework in Frameworks */ = {isa = PBXBuildFile; fileRef = 38BD218AAC2AF463C57F6E17 /* Pods_RxSwiftPractice.framework */; };
		531151EECD8CAF0C15E438BA /* Pods_RxSwiftPracticeUITests.framework in Frameworks */ = {isa = PBXBuildFile; fileRef = 118CAA3B012D4930E4A85E85 /* Pods_RxSwiftPracticeUITests.framework */; };
		E2D401781DDDF8810021C3D4 /* AppDelegate.swift in Sources */ = {isa = PBXBuildFile; fileRef = E2D401771DDDF8810021C3D4 /* AppDelegate.swift */; };
		E2D4017A1DDDF8810021C3D4 /* ViewController.swift in Sources */ = {isa = PBXBuildFile; fileRef = E2D401791DDDF8810021C3D4 /* ViewController.swift */; };
		E2D4017D1DDDF8810021C3D4 /* Main.storyboard in Resources */ = {isa = PBXBuildFile; fileRef = E2D4017B1DDDF8810021C3D4 /* Main.storyboard */; };
		E2D401801DDDF8810021C3D4 /* RxSwiftPractice.xcdatamodeld in Sources */ = {isa = PBXBuildFile; fileRef = E2D4017E1DDDF8810021C3D4 /* RxSwiftPractice.xcdatamodeld */; };
		E2D401821DDDF8810021C3D4 /* Assets.xcassets in Resources */ = {isa = PBXBuildFile; fileRef = E2D401811DDDF8810021C3D4 /* Assets.xcassets */; };
		E2D401851DDDF8810021C3D4 /* LaunchScreen.storyboard in Resources */ = {isa = PBXBuildFile; fileRef = E2D401831DDDF8810021C3D4 /* LaunchScreen.storyboard */; };
		E2D401901DDDF8810021C3D4 /* RxSwiftPracticeTests.swift in Sources */ = {isa = PBXBuildFile; fileRef = E2D4018F1DDDF8810021C3D4 /* RxSwiftPracticeTests.swift */; };
		E2D4019B1DDDF8810021C3D4 /* RxSwiftPracticeUITests.swift in Sources */ = {isa = PBXBuildFile; fileRef = E2D4019A1DDDF8810021C3D4 /* RxSwiftPracticeUITests.swift */; };
		EFD455D6C2B820AD8C007EF8 /* Pods_RxSwiftPracticeTests.framework in Frameworks */ = {isa = PBXBuildFile; fileRef = DA278A2593E32E7ED5D4D9F0 /* Pods_RxSwiftPracticeTests.framework */; };
/* End PBXBuildFile section */

/* Begin PBXContainerItemProxy section */
		E2D4018C1DDDF8810021C3D4 /* PBXContainerItemProxy */ = {
			isa = PBXContainerItemProxy;
			containerPortal = E2D4016C1DDDF8810021C3D4 /* Project object */;
			proxyType = 1;
			remoteGlobalIDString = E2D401731DDDF8810021C3D4;
			remoteInfo = RxSwiftPractice;
		};
		E2D401971DDDF8810021C3D4 /* PBXContainerItemProxy */ = {
			isa = PBXContainerItemProxy;
			containerPortal = E2D4016C1DDDF8810021C3D4 /* Project object */;
			proxyType = 1;
			remoteGlobalIDString = E2D401731DDDF8810021C3D4;
			remoteInfo = RxSwiftPractice;
		};
/* End PBXContainerItemProxy section */

/* Begin PBXFileReference section */
		118CAA3B012D4930E4A85E85 /* Pods_RxSwiftPracticeUITests.framework */ = {isa = PBXFileReference; explicitFileType = wrapper.framework; includeInIndex = 0; path = Pods_RxSwiftPracticeUITests.framework; sourceTree = BUILT_PRODUCTS_DIR; };
		38BD218AAC2AF463C57F6E17 /* Pods_RxSwiftPractice.framework */ = {isa = PBXFileReference; explicitFileType = wrapper.framework; includeInIndex = 0; path = Pods_RxSwiftPractice.framework; sourceTree = BUILT_PRODUCTS_DIR; };
		5468352BDCEF2BF20B523036 /* Pods-RxSwiftPracticeTests.release.xcconfig */ = {isa = PBXFileReference; includeInIndex = 1; lastKnownFileType = text.xcconfig; name = "Pods-RxSwiftPracticeTests.release.xcconfig"; path = "Pods/Target Support Files/Pods-RxSwiftPracticeTests/Pods-RxSwiftPracticeTests.release.xcconfig"; sourceTree = "<group>"; };
		685893E5E55A5CE96923BD60 /* Pods-RxSwiftPracticeTests.debug.xcconfig */ = {isa = PBXFileReference; includeInIndex = 1; lastKnownFileType = text.xcconfig; name = "Pods-RxSwiftPracticeTests.debug.xcconfig"; path = "Pods/Target Support Files/Pods-RxSwiftPracticeTests/Pods-RxSwiftPracticeTests.debug.xcconfig"; sourceTree = "<group>"; };
		6A9D8F3A7A2B8236B592D03C /* Pods-RxSwiftPracticeUITests.debug.xcconfig */ = {isa = PBXFileReference; includeInIndex = 1; lastKnownFileType = text.xcconfig; name = "Pods-RxSwiftPracticeUITests.debug.xcconfig"; path = "Pods/Target Support Files/Pods-RxSwiftPracticeUITests/Pods-RxSwiftPracticeUITests.debug.xcconfig"; sourceTree = "<group>"; };
		862B925F86085204A99D2A4F /* Pods-RxSwiftPracticeUITests.release.xcconfig */ = {isa = PBXFileReference; includeInIndex = 1; lastKnownFileType = text.xcconfig; name = "Pods-RxSwiftPracticeUITests.release.xcconfig"; path = "Pods/Target Support Files/Pods-RxSwiftPracticeUITests/Pods-RxSwiftPracticeUITests.release.xcconfig"; sourceTree = "<group>"; };
		A76082300F3BA86C307C5447 /* Pods-RxSwiftPractice.release.xcconfig */ = {isa = PBXFileReference; includeInIndex = 1; lastKnownFileType = text.xcconfig; name = "Pods-RxSwiftPractice.release.xcconfig"; path = "Pods/Target Support Files/Pods-RxSwiftPractice/Pods-RxSwiftPractice.release.xcconfig"; sourceTree = "<group>"; };
		DA278A2593E32E7ED5D4D9F0 /* Pods_RxSwiftPracticeTests.framework */ = {isa = PBXFileReference; explicitFileType = wrapper.framework; includeInIndex = 0; path = Pods_RxSwiftPracticeTests.framework; sourceTree = BUILT_PRODUCTS_DIR; };
		E2D401741DDDF8810021C3D4 /* RxSwiftPractice.app */ = {isa = PBXFileReference; explicitFileType = wrapper.application; includeInIndex = 0; path = RxSwiftPractice.app; sourceTree = BUILT_PRODUCTS_DIR; };
		E2D401771DDDF8810021C3D4 /* AppDelegate.swift */ = {isa = PBXFileReference; lastKnownFileType = sourcecode.swift; path = AppDelegate.swift; sourceTree = "<group>"; };
		E2D401791DDDF8810021C3D4 /* ViewController.swift */ = {isa = PBXFileReference; lastKnownFileType = sourcecode.swift; path = ViewController.swift; sourceTree = "<group>"; };
		E2D4017C1DDDF8810021C3D4 /* Base */ = {isa = PBXFileReference; lastKnownFileType = file.storyboard; name = Base; path = Base.lproj/Main.storyboard; sourceTree = "<group>"; };
		E2D4017F1DDDF8810021C3D4 /* RxSwiftPractice.xcdatamodel */ = {isa = PBXFileReference; lastKnownFileType = wrapper.xcdatamodel; path = RxSwiftPractice.xcdatamodel; sourceTree = "<group>"; };
		E2D401811DDDF8810021C3D4 /* Assets.xcassets */ = {isa = PBXFileReference; lastKnownFileType = folder.assetcatalog; path = Assets.xcassets; sourceTree = "<group>"; };
		E2D401841DDDF8810021C3D4 /* Base */ = {isa = PBXFileReference; lastKnownFileType = file.storyboard; name = Base; path = Base.lproj/LaunchScreen.storyboard; sourceTree = "<group>"; };
		E2D401861DDDF8810021C3D4 /* Info.plist */ = {isa = PBXFileReference; lastKnownFileType = text.plist.xml; path = Info.plist; sourceTree = "<group>"; };
		E2D4018B1DDDF8810021C3D4 /* RxSwiftPracticeTests.xctest */ = {isa = PBXFileReference; explicitFileType = wrapper.cfbundle; includeInIndex = 0; path = RxSwiftPracticeTests.xctest; sourceTree = BUILT_PRODUCTS_DIR; };
		E2D4018F1DDDF8810021C3D4 /* RxSwiftPracticeTests.swift */ = {isa = PBXFileReference; lastKnownFileType = sourcecode.swift; path = RxSwiftPracticeTests.swift; sourceTree = "<group>"; };
		E2D401911DDDF8810021C3D4 /* Info.plist */ = {isa = PBXFileReference; lastKnownFileType = text.plist.xml; path = Info.plist; sourceTree = "<group>"; };
		E2D401961DDDF8810021C3D4 /* RxSwiftPracticeUITests.xctest */ = {isa = PBXFileReference; explicitFileType = wrapper.cfbundle; includeInIndex = 0; path = RxSwiftPracticeUITests.xctest; sourceTree = BUILT_PRODUCTS_DIR; };
		E2D4019A1DDDF8810021C3D4 /* RxSwiftPracticeUITests.swift */ = {isa = PBXFileReference; lastKnownFileType = sourcecode.swift; path = RxSwiftPracticeUITests.swift; sourceTree = "<group>"; };
		E2D4019C1DDDF8810021C3D4 /* Info.plist */ = {isa = PBXFileReference; lastKnownFileType = text.plist.xml; path = Info.plist; sourceTree = "<group>"; };
		E357213B06215317469EB483 /* Pods-RxSwiftPractice.debug.xcconfig */ = {isa = PBXFileReference; includeInIndex = 1; lastKnownFileType = text.xcconfig; name = "Pods-RxSwiftPractice.debug.xcconfig"; path = "Pods/Target Support Files/Pods-RxSwiftPractice/Pods-RxSwiftPractice.debug.xcconfig"; sourceTree = "<group>"; };
/* End PBXFileReference section */

/* Begin PBXFrameworksBuildPhase section */
		E2D401711DDDF8810021C3D4 /* Frameworks */ = {
			isa = PBXFrameworksBuildPhase;
			buildActionMask = 2147483647;
			files = (
				2EF98CFDB2A23F846676D3C0 /* Pods_RxSwiftPractice.framework in Frameworks */,
			);
			runOnlyForDeploymentPostprocessing = 0;
		};
		E2D401881DDDF8810021C3D4 /* Frameworks */ = {
			isa = PBXFrameworksBuildPhase;
			buildActionMask = 2147483647;
			files = (
				EFD455D6C2B820AD8C007EF8 /* Pods_RxSwiftPracticeTests.framework in Frameworks */,
			);
			runOnlyForDeploymentPostprocessing = 0;
		};
		E2D401931DDDF8810021C3D4 /* Frameworks */ = {
			isa = PBXFrameworksBuildPhase;
			buildActionMask = 2147483647;
			files = (
				531151EECD8CAF0C15E438BA /* Pods_RxSwiftPracticeUITests.framework in Frameworks */,
			);
			runOnlyForDeploymentPostprocessing = 0;
		};
/* End PBXFrameworksBuildPhase section */

/* Begin PBXGroup section */
		0B5D3FDAC30EE35D8ED01EBD /* Pods */ = {
			isa = PBXGroup;
			children = (
				E357213B06215317469EB483 /* Pods-RxSwiftPractice.debug.xcconfig */,
				A76082300F3BA86C307C5447 /* Pods-RxSwiftPractice.release.xcconfig */,
				685893E5E55A5CE96923BD60 /* Pods-RxSwiftPracticeTests.debug.xcconfig */,
				5468352BDCEF2BF20B523036 /* Pods-RxSwiftPracticeTests.release.xcconfig */,
				6A9D8F3A7A2B8236B592D03C /* Pods-RxSwiftPracticeUITests.debug.xcconfig */,
				862B925F86085204A99D2A4F /* Pods-RxSwiftPracticeUITests.release.xcconfig */,
			);
			name = Pods;
			sourceTree = "<group>";
		};
		B90C58E2242148491E889B9D /* Frameworks */ = {
			isa = PBXGroup;
			children = (
				38BD218AAC2AF463C57F6E17 /* Pods_RxSwiftPractice.framework */,
				DA278A2593E32E7ED5D4D9F0 /* Pods_RxSwiftPracticeTests.framework */,
				118CAA3B012D4930E4A85E85 /* Pods_RxSwiftPracticeUITests.framework */,
			);
			name = Frameworks;
			sourceTree = "<group>";
		};
		E2D4016B1DDDF8810021C3D4 = {
			isa = PBXGroup;
			children = (
				E2D401761DDDF8810021C3D4 /* RxSwiftPractice */,
				E2D4018E1DDDF8810021C3D4 /* RxSwiftPracticeTests */,
				E2D401991DDDF8810021C3D4 /* RxSwiftPracticeUITests */,
				E2D401751DDDF8810021C3D4 /* Products */,
				0B5D3FDAC30EE35D8ED01EBD /* Pods */,
				B90C58E2242148491E889B9D /* Frameworks */,
			);
			sourceTree = "<group>";
		};
		E2D401751DDDF8810021C3D4 /* Products */ = {
			isa = PBXGroup;
			children = (
				E2D401741DDDF8810021C3D4 /* RxSwiftPractice.app */,
				E2D4018B1DDDF8810021C3D4 /* RxSwiftPracticeTests.xctest */,
				E2D401961DDDF8810021C3D4 /* RxSwiftPracticeUITests.xctest */,
			);
			name = Products;
			sourceTree = "<group>";
		};
		E2D401761DDDF8810021C3D4 /* RxSwiftPractice */ = {
			isa = PBXGroup;
			children = (
				E2D401771DDDF8810021C3D4 /* AppDelegate.swift */,
				E2D401791DDDF8810021C3D4 /* ViewController.swift */,
				E2D4017B1DDDF8810021C3D4 /* Main.storyboard */,
				E2D401811DDDF8810021C3D4 /* Assets.xcassets */,
				E2D401831DDDF8810021C3D4 /* LaunchScreen.storyboard */,
				E2D401861DDDF8810021C3D4 /* Info.plist */,
				E2D4017E1DDDF8810021C3D4 /* RxSwiftPractice.xcdatamodeld */,
			);
			path = RxSwiftPractice;
			sourceTree = "<group>";
		};
		E2D4018E1DDDF8810021C3D4 /* RxSwiftPracticeTests */ = {
			isa = PBXGroup;
			children = (
				E2D4018F1DDDF8810021C3D4 /* RxSwiftPracticeTests.swift */,
				E2D401911DDDF8810021C3D4 /* Info.plist */,
			);
			path = RxSwiftPracticeTests;
			sourceTree = "<group>";
		};
		E2D401991DDDF8810021C3D4 /* RxSwiftPracticeUITests */ = {
			isa = PBXGroup;
			children = (
				E2D4019A1DDDF8810021C3D4 /* RxSwiftPracticeUITests.swift */,
				E2D4019C1DDDF8810021C3D4 /* Info.plist */,
			);
			path = RxSwiftPracticeUITests;
			sourceTree = "<group>";
		};
/* End PBXGroup section */

/* Begin PBXNativeTarget section */
		E2D401731DDDF8810021C3D4 /* RxSwiftPractice */ = {
			isa = PBXNativeTarget;
			buildConfigurationList = E2D4019F1DDDF8810021C3D4 /* Build configuration list for PBXNativeTarget "RxSwiftPractice" */;
			buildPhases = (
				DB406153DF9D0DD996C2466E /* [CP] Check Pods Manifest.lock */,
				E2D401701DDDF8810021C3D4 /* Sources */,
				E2D401711DDDF8810021C3D4 /* Frameworks */,
				E2D401721DDDF8810021C3D4 /* Resources */,
				C2004B3880D5CF8ED4DD9FBE /* [CP] Embed Pods Frameworks */,
				1F3AA24B28F1B9C0E04322CD /* [CP] Copy Pods Resources */,
			);
			buildRules = (
			);
			dependencies = (
			);
			name = RxSwiftPractice;
			productName = RxSwiftPractice;
			productReference = E2D401741DDDF8810021C3D4 /* RxSwiftPractice.app */;
			productType = "com.apple.product-type.application";
		};
		E2D4018A1DDDF8810021C3D4 /* RxSwiftPracticeTests */ = {
			isa = PBXNativeTarget;
			buildConfigurationList = E2D401A21DDDF8810021C3D4 /* Build configuration list for PBXNativeTarget "RxSwiftPracticeTests" */;
			buildPhases = (
				7CE0C6A6DEA1AF2C1A91D93A /* [CP] Check Pods Manifest.lock */,
				E2D401871DDDF8810021C3D4 /* Sources */,
				E2D401881DDDF8810021C3D4 /* Frameworks */,
				E2D401891DDDF8810021C3D4 /* Resources */,
				369B63907985C1612CBC147E /* [CP] Embed Pods Frameworks */,
				66AC645505C386FF6B21CD4E /* [CP] Copy Pods Resources */,
			);
			buildRules = (
			);
			dependencies = (
				E2D4018D1DDDF8810021C3D4 /* PBXTargetDependency */,
			);
			name = RxSwiftPracticeTests;
			productName = RxSwiftPracticeTests;
			productReference = E2D4018B1DDDF8810021C3D4 /* RxSwiftPracticeTests.xctest */;
			productType = "com.apple.product-type.bundle.unit-test";
		};
		E2D401951DDDF8810021C3D4 /* RxSwiftPracticeUITests */ = {
			isa = PBXNativeTarget;
			buildConfigurationList = E2D401A51DDDF8810021C3D4 /* Build configuration list for PBXNativeTarget "RxSwiftPracticeUITests" */;
			buildPhases = (
				F0CE26B987C5A44C325A1512 /* [CP] Check Pods Manifest.lock */,
				E2D401921DDDF8810021C3D4 /* Sources */,
				E2D401931DDDF8810021C3D4 /* Frameworks */,
				E2D401941DDDF8810021C3D4 /* Resources */,
				9AC6B3D84D5C8E41D61DE1C9 /* [CP] Embed Pods Frameworks */,
				DC572CEA69551FD5D29FCF23 /* [CP] Copy Pods Resources */,
			);
			buildRules = (
			);
			dependencies = (
				E2D401981DDDF8810021C3D4 /* PBXTargetDependency */,
			);
			name = RxSwiftPracticeUITests;
			productName = RxSwiftPracticeUITests;
			productReference = E2D401961DDDF8810021C3D4 /* RxSwiftPracticeUITests.xctest */;
			productType = "com.apple.product-type.bundle.ui-testing";
		};
/* End PBXNativeTarget section */

/* Begin PBXProject section */
		E2D4016C1DDDF8810021C3D4 /* Project object */ = {
			isa = PBXProject;
			attributes = {
				LastSwiftUpdateCheck = 0800;
				LastUpgradeCheck = 0800;
				ORGANIZATIONNAME = yhoshino11;
				TargetAttributes = {
					E2D401731DDDF8810021C3D4 = {
						CreatedOnToolsVersion = 8.0;
						DevelopmentTeam = AUJHBFXVZ3;
						ProvisioningStyle = Automatic;
					};
					E2D4018A1DDDF8810021C3D4 = {
						CreatedOnToolsVersion = 8.0;
						DevelopmentTeam = AUJHBFXVZ3;
						ProvisioningStyle = Automatic;
						TestTargetID = E2D401731DDDF8810021C3D4;
					};
					E2D401951DDDF8810021C3D4 = {
						CreatedOnToolsVersion = 8.0;
						DevelopmentTeam = AUJHBFXVZ3;
						ProvisioningStyle = Automatic;
						TestTargetID = E2D401731DDDF8810021C3D4;
					};
				};
			};
			buildConfigurationList = E2D4016F1DDDF8810021C3D4 /* Build configuration list for PBXProject "RxSwiftPractice" */;
			compatibilityVersion = "Xcode 3.2";
			developmentRegion = English;
			hasScannedForEncodings = 0;
			knownRegions = (
				en,
				Base,
			);
			mainGroup = E2D4016B1DDDF8810021C3D4;
			productRefGroup = E2D401751DDDF8810021C3D4 /* Products */;
			projectDirPath = "";
			projectRoot = "";
			targets = (
				E2D401731DDDF8810021C3D4 /* RxSwiftPractice */,
				E2D4018A1DDDF8810021C3D4 /* RxSwiftPracticeTests */,
				E2D401951DDDF8810021C3D4 /* RxSwiftPracticeUITests */,
			);
		};
/* End PBXProject section */

/* Begin PBXResourcesBuildPhase section */
		E2D401721DDDF8810021C3D4 /* Resources */ = {
			isa = PBXResourcesBuildPhase;
			buildActionMask = 2147483647;
			files = (
				E2D401851DDDF8810021C3D4 /* LaunchScreen.storyboard in Resources */,
				E2D401821DDDF8810021C3D4 /* Assets.xcassets in Resources */,
				E2D4017D1DDDF8810021C3D4 /* Main.storyboard in Resources */,
			);
			runOnlyForDeploymentPostprocessing = 0;
		};
		E2D401891DDDF8810021C3D4 /* Resources */ = {
			isa = PBXResourcesBuildPhase;
			buildActionMask = 2147483647;
			files = (
			);
			runOnlyForDeploymentPostprocessing = 0;
		};
		E2D401941DDDF8810021C3D4 /* Resources */ = {
			isa = PBXResourcesBuildPhase;
			buildActionMask = 2147483647;
			files = (
			);
			runOnlyForDeploymentPostprocessing = 0;
		};
/* End PBXResourcesBuildPhase section */

/* Begin PBXShellScriptBuildPhase section */
		1F3AA24B28F1B9C0E04322CD /* [CP] Copy Pods Resources */ = {
			isa = PBXShellScriptBuildPhase;
			buildActionMask = 2147483647;
			files = (
			);
			inputPaths = (
			);
			name = "[CP] Copy Pods Resources";
			outputPaths = (
			);
			runOnlyForDeploymentPostprocessing = 0;
			shellPath = /bin/sh;
			shellScript = "\"${SRCROOT}/Pods/Target Support Files/Pods-RxSwiftPractice/Pods-RxSwiftPractice-resources.sh\"\n";
			showEnvVarsInLog = 0;
		};
		369B63907985C1612CBC147E /* [CP] Embed Pods Frameworks */ = {
			isa = PBXShellScriptBuildPhase;
			buildActionMask = 2147483647;
			files = (
			);
			inputPaths = (
			);
			name = "[CP] Embed Pods Frameworks";
			outputPaths = (
			);
			runOnlyForDeploymentPostprocessing = 0;
			shellPath = /bin/sh;
			shellScript = "\"${SRCROOT}/Pods/Target Support Files/Pods-RxSwiftPracticeTests/Pods-RxSwiftPracticeTests-frameworks.sh\"\n";
			showEnvVarsInLog = 0;
		};
		66AC645505C386FF6B21CD4E /* [CP] Copy Pods Resources */ = {
			isa = PBXShellScriptBuildPhase;
			buildActionMask = 2147483647;
			files = (
			);
			inputPaths = (
			);
			name = "[CP] Copy Pods Resources";
			outputPaths = (
			);
			runOnlyForDeploymentPostprocessing = 0;
			shellPath = /bin/sh;
			shellScript = "\"${SRCROOT}/Pods/Target Support Files/Pods-RxSwiftPracticeTests/Pods-RxSwiftPracticeTests-resources.sh\"\n";
			showEnvVarsInLog = 0;
		};
		7CE0C6A6DEA1AF2C1A91D93A /* [CP] Check Pods Manifest.lock */ = {
			isa = PBXShellScriptBuildPhase;
			buildActionMask = 2147483647;
			files = (
			);
			inputPaths = (
			);
			name = "[CP] Check Pods Manifest.lock";
			outputPaths = (
			);
			runOnlyForDeploymentPostprocessing = 0;
			shellPath = /bin/sh;
			shellScript = "diff \"${PODS_ROOT}/../Podfile.lock\" \"${PODS_ROOT}/Manifest.lock\" > /dev/null\nif [ $? != 0 ] ; then\n    # print error to STDERR\n    echo \"error: The sandbox is not in sync with the Podfile.lock. Run 'pod install' or update your CocoaPods installation.\" >&2\n    exit 1\nfi\n";
			showEnvVarsInLog = 0;
		};
		9AC6B3D84D5C8E41D61DE1C9 /* [CP] Embed Pods Frameworks */ = {
			isa = PBXShellScriptBuildPhase;
			buildActionMask = 2147483647;
			files = (
			);
			inputPaths = (
			);
			name = "[CP] Embed Pods Frameworks";
			outputPaths = (
			);
			runOnlyForDeploymentPostprocessing = 0;
			shellPath = /bin/sh;
			shellScript = "\"${SRCROOT}/Pods/Target Support Files/Pods-RxSwiftPracticeUITests/Pods-RxSwiftPracticeUITests-frameworks.sh\"\n";
			showEnvVarsInLog = 0;
		};
		C2004B3880D5CF8ED4DD9FBE /* [CP] Embed Pods Frameworks */ = {
			isa = PBXShellScriptBuildPhase;
			buildActionMask = 2147483647;
			files = (
			);
			inputPaths = (
			);
			name = "[CP] Embed Pods Frameworks";
			outputPaths = (
			);
			runOnlyForDeploymentPostprocessing = 0;
			shellPath = /bin/sh;
			shellScript = "\"${SRCROOT}/Pods/Target Support Files/Pods-RxSwiftPractice/Pods-RxSwiftPractice-frameworks.sh\"\n";
			showEnvVarsInLog = 0;
		};
		DB406153DF9D0DD996C2466E /* [CP] Check Pods Manifest.lock */ = {
			isa = PBXShellScriptBuildPhase;
			buildActionMask = 2147483647;
			files = (
			);
			inputPaths = (
			);
			name = "[CP] Check Pods Manifest.lock";
			outputPaths = (
			);
			runOnlyForDeploymentPostprocessing = 0;
			shellPath = /bin/sh;
			shellScript = "diff \"${PODS_ROOT}/../Podfile.lock\" \"${PODS_ROOT}/Manifest.lock\" > /dev/null\nif [ $? != 0 ] ; then\n    # print error to STDERR\n    echo \"error: The sandbox is not in sync with the Podfile.lock. Run 'pod install' or update your CocoaPods installation.\" >&2\n    exit 1\nfi\n";
			showEnvVarsInLog = 0;
		};
		DC572CEA69551FD5D29FCF23 /* [CP] Copy Pods Resources */ = {
			isa = PBXShellScriptBuildPhase;
			buildActionMask = 2147483647;
			files = (
			);
			inputPaths = (
			);
			name = "[CP] Copy Pods Resources";
			outputPaths = (
			);
			runOnlyForDeploymentPostprocessing = 0;
			shellPath = /bin/sh;
			shellScript = "\"${SRCROOT}/Pods/Target Support Files/Pods-RxSwiftPracticeUITests/Pods-RxSwiftPracticeUITests-resources.sh\"\n";
			showEnvVarsInLog = 0;
		};
		F0CE26B987C5A44C325A1512 /* [CP] Check Pods Manifest.lock */ = {
			isa = PBXShellScriptBuildPhase;
			buildActionMask = 2147483647;
			files = (
			);
			inputPaths = (
			);
			name = "[CP] Check Pods Manifest.lock";
			outputPaths = (
			);
			runOnlyForDeploymentPostprocessing = 0;
			shellPath = /bin/sh;
			shellScript = "diff \"${PODS_ROOT}/../Podfile.lock\" \"${PODS_ROOT}/Manifest.lock\" > /dev/null\nif [ $? != 0 ] ; then\n    # print error to STDERR\n    echo \"error: The sandbox is not in sync with the Podfile.lock. Run 'pod install' or update your CocoaPods installation.\" >&2\n    exit 1\nfi\n";
			showEnvVarsInLog = 0;
		};
/* End PBXShellScriptBuildPhase section */

/* Begin PBXSourcesBuildPhase section */
		E2D401701DDDF8810021C3D4 /* Sources */ = {
			isa = PBXSourcesBuildPhase;
			buildActionMask = 2147483647;
			files = (
				E2D4017A1DDDF8810021C3D4 /* ViewController.swift in Sources */,
				E2D401801DDDF8810021C3D4 /* RxSwiftPractice.xcdatamodeld in Sources */,
				E2D401781DDDF8810021C3D4 /* AppDelegate.swift in Sources */,
			);
			runOnlyForDeploymentPostprocessing = 0;
		};
		E2D401871DDDF8810021C3D4 /* Sources */ = {
			isa = PBXSourcesBuildPhase;
			buildActionMask = 2147483647;
			files = (
				E2D401901DDDF8810021C3D4 /* RxSwiftPracticeTests.swift in Sources */,
			);
			runOnlyForDeploymentPostprocessing = 0;
		};
		E2D401921DDDF8810021C3D4 /* Sources */ = {
			isa = PBXSourcesBuildPhase;
			buildActionMask = 2147483647;
			files = (
				E2D4019B1DDDF8810021C3D4 /* RxSwiftPracticeUITests.swift in Sources */,
			);
			runOnlyForDeploymentPostprocessing = 0;
		};
/* End PBXSourcesBuildPhase section */

/* Begin PBXTargetDependency section */
		E2D4018D1DDDF8810021C3D4 /* PBXTargetDependency */ = {
			isa = PBXTargetDependency;
			target = E2D401731DDDF8810021C3D4 /* RxSwiftPractice */;
			targetProxy = E2D4018C1DDDF8810021C3D4 /* PBXContainerItemProxy */;
		};
		E2D401981DDDF8810021C3D4 /* PBXTargetDependency */ = {
			isa = PBXTargetDependency;
			target = E2D401731DDDF8810021C3D4 /* RxSwiftPractice */;
			targetProxy = E2D401971DDDF8810021C3D4 /* PBXContainerItemProxy */;
		};
/* End PBXTargetDependency section */

/* Begin PBXVariantGroup section */
		E2D4017B1DDDF8810021C3D4 /* Main.storyboard */ = {
			isa = PBXVariantGroup;
			children = (
				E2D4017C1DDDF8810021C3D4 /* Base */,
			);
			name = Main.storyboard;
			sourceTree = "<group>";
		};
		E2D401831DDDF8810021C3D4 /* LaunchScreen.storyboard */ = {
			isa = PBXVariantGroup;
			children = (
				E2D401841DDDF8810021C3D4 /* Base */,
			);
			name = LaunchScreen.storyboard;
			sourceTree = "<group>";
		};
/* End PBXVariantGroup section */

/* Begin XCBuildConfiguration section */
		E2D4019D1DDDF8810021C3D4 /* Debug */ = {
			isa = XCBuildConfiguration;
			buildSettings = {
				ALWAYS_SEARCH_USER_PATHS = NO;
				CLANG_ANALYZER_NONNULL = YES;
				CLANG_CXX_LANGUAGE_STANDARD = "gnu++0x";
				CLANG_CXX_LIBRARY = "libc++";
				CLANG_ENABLE_MODULES = YES;
				CLANG_ENABLE_OBJC_ARC = YES;
				CLANG_WARN_BOOL_CONVERSION = YES;
				CLANG_WARN_CONSTANT_CONVERSION = YES;
				CLANG_WARN_DIRECT_OBJC_ISA_USAGE = YES_ERROR;
				CLANG_WARN_DOCUMENTATION_COMMENTS = YES;
				CLANG_WARN_EMPTY_BODY = YES;
				CLANG_WARN_ENUM_CONVERSION = YES;
				CLANG_WARN_INFINITE_RECURSION = YES;
				CLANG_WARN_INT_CONVERSION = YES;
				CLANG_WARN_OBJC_ROOT_CLASS = YES_ERROR;
				CLANG_WARN_SUSPICIOUS_MOVES = YES;
				CLANG_WARN_UNREACHABLE_CODE = YES;
				CLANG_WARN__DUPLICATE_METHOD_MATCH = YES;
				"CODE_SIGN_IDENTITY[sdk=iphoneos*]" = "iPhone Developer";
				COPY_PHASE_STRIP = NO;
				DEBUG_INFORMATION_FORMAT = dwarf;
				ENABLE_STRICT_OBJC_MSGSEND = YES;
				ENABLE_TESTABILITY = YES;
				GCC_C_LANGUAGE_STANDARD = gnu99;
				GCC_DYNAMIC_NO_PIC = NO;
				GCC_NO_COMMON_BLOCKS = YES;
				GCC_OPTIMIZATION_LEVEL = 0;
				GCC_PREPROCESSOR_DEFINITIONS = (
					"DEBUG=1",
					"$(inherited)",
				);
				GCC_WARN_64_TO_32_BIT_CONVERSION = YES;
				GCC_WARN_ABOUT_RETURN_TYPE = YES_ERROR;
				GCC_WARN_UNDECLARED_SELECTOR = YES;
				GCC_WARN_UNINITIALIZED_AUTOS = YES_AGGRESSIVE;
				GCC_WARN_UNUSED_FUNCTION = YES;
				GCC_WARN_UNUSED_VARIABLE = YES;
				IPHONEOS_DEPLOYMENT_TARGET = 10.0;
				MTL_ENABLE_DEBUG_INFO = YES;
				ONLY_ACTIVE_ARCH = YES;
				SDKROOT = iphoneos;
				SWIFT_ACTIVE_COMPILATION_CONDITIONS = DEBUG;
				SWIFT_OPTIMIZATION_LEVEL = "-Onone";
				TARGETED_DEVICE_FAMILY = 2;
			};
			name = Debug;
		};
		E2D4019E1DDDF8810021C3D4 /* Release */ = {
			isa = XCBuildConfiguration;
			buildSettings = {
				ALWAYS_SEARCH_USER_PATHS = NO;
				CLANG_ANALYZER_NONNULL = YES;
				CLANG_CXX_LANGUAGE_STANDARD = "gnu++0x";
				CLANG_CXX_LIBRARY = "libc++";
				CLANG_ENABLE_MODULES = YES;
				CLANG_ENABLE_OBJC_ARC = YES;
				CLANG_WARN_BOOL_CONVERSION = YES;
				CLANG_WARN_CONSTANT_CONVERSION = YES;
				CLANG_WARN_DIRECT_OBJC_ISA_USAGE = YES_ERROR;
				CLANG_WARN_DOCUMENTATION_COMMENTS = YES;
				CLANG_WARN_EMPTY_BODY = YES;
				CLANG_WARN_ENUM_CONVERSION = YES;
				CLANG_WARN_INFINITE_RECURSION = YES;
				CLANG_WARN_INT_CONVERSION = YES;
				CLANG_WARN_OBJC_ROOT_CLASS = YES_ERROR;
				CLANG_WARN_SUSPICIOUS_MOVES = YES;
				CLANG_WARN_UNREACHABLE_CODE = YES;
				CLANG_WARN__DUPLICATE_METHOD_MATCH = YES;
				"CODE_SIGN_IDENTITY[sdk=iphoneos*]" = "iPhone Developer";
				COPY_PHASE_STRIP = NO;
				DEBUG_INFORMATION_FORMAT = "dwarf-with-dsym";
				ENABLE_NS_ASSERTIONS = NO;
				ENABLE_STRICT_OBJC_MSGSEND = YES;
				GCC_C_LANGUAGE_STANDARD = gnu99;
				GCC_NO_COMMON_BLOCKS = YES;
				GCC_WARN_64_TO_32_BIT_CONVERSION = YES;
				GCC_WARN_ABOUT_RETURN_TYPE = YES_ERROR;
				GCC_WARN_UNDECLARED_SELECTOR = YES;
				GCC_WARN_UNINITIALIZED_AUTOS = YES_AGGRESSIVE;
				GCC_WARN_UNUSED_FUNCTION = YES;
				GCC_WARN_UNUSED_VARIABLE = YES;
				IPHONEOS_DEPLOYMENT_TARGET = 10.0;
				MTL_ENABLE_DEBUG_INFO = NO;
				SDKROOT = iphoneos;
				SWIFT_OPTIMIZATION_LEVEL = "-Owholemodule";
				TARGETED_DEVICE_FAMILY = 2;
				VALIDATE_PRODUCT = YES;
			};
			name = Release;
		};
		E2D401A01DDDF8810021C3D4 /* Debug */ = {
			isa = XCBuildConfiguration;
			baseConfigurationReference = E357213B06215317469EB483 /* Pods-RxSwiftPractice.debug.xcconfig */;
			buildSettings = {
				ASSETCATALOG_COMPILER_APPICON_NAME = AppIcon;
				DEVELOPMENT_TEAM = AUJHBFXVZ3;
				INFOPLIST_FILE = RxSwiftPractice/Info.plist;
				LD_RUNPATH_SEARCH_PATHS = "$(inherited) @executable_path/Frameworks";
				PRODUCT_BUNDLE_IDENTIFIER = stu.yhoshino11.RxSwiftPractice;
				PRODUCT_NAME = "$(TARGET_NAME)";
				SWIFT_VERSION = 3.0;
			};
			name = Debug;
		};
		E2D401A11DDDF8810021C3D4 /* Release */ = {
			isa = XCBuildConfiguration;
			baseConfigurationReference = A76082300F3BA86C307C5447 /* Pods-RxSwiftPractice.release.xcconfig */;
			buildSettings = {
				ASSETCATALOG_COMPILER_APPICON_NAME = AppIcon;
				DEVELOPMENT_TEAM = AUJHBFXVZ3;
				INFOPLIST_FILE = RxSwiftPractice/Info.plist;
				LD_RUNPATH_SEARCH_PATHS = "$(inherited) @executable_path/Frameworks";
				PRODUCT_BUNDLE_IDENTIFIER = stu.yhoshino11.RxSwiftPractice;
				PRODUCT_NAME = "$(TARGET_NAME)";
				SWIFT_VERSION = 3.0;
			};
			name = Release;
		};
		E2D401A31DDDF8810021C3D4 /* Debug */ = {
			isa = XCBuildConfiguration;
			baseConfigurationReference = 685893E5E55A5CE96923BD60 /* Pods-RxSwiftPracticeTests.debug.xcconfig */;
			buildSettings = {
				ALWAYS_EMBED_SWIFT_STANDARD_LIBRARIES = YES;
				BUNDLE_LOADER = "$(TEST_HOST)";
				DEVELOPMENT_TEAM = AUJHBFXVZ3;
				INFOPLIST_FILE = RxSwiftPracticeTests/Info.plist;
				LD_RUNPATH_SEARCH_PATHS = "$(inherited) @executable_path/Frameworks @loader_path/Frameworks";
				PRODUCT_BUNDLE_IDENTIFIER = stu.yhoshino11.RxSwiftPracticeTests;
				PRODUCT_NAME = "$(TARGET_NAME)";
				SWIFT_VERSION = 3.0;
				TEST_HOST = "$(BUILT_PRODUCTS_DIR)/RxSwiftPractice.app/RxSwiftPractice";
			};
			name = Debug;
		};
		E2D401A41DDDF8810021C3D4 /* Release */ = {
			isa = XCBuildConfiguration;
			baseConfigurationReference = 5468352BDCEF2BF20B523036 /* Pods-RxSwiftPracticeTests.release.xcconfig */;
			buildSettings = {
				ALWAYS_EMBED_SWIFT_STANDARD_LIBRARIES = YES;
				BUNDLE_LOADER = "$(TEST_HOST)";
				DEVELOPMENT_TEAM = AUJHBFXVZ3;
				INFOPLIST_FILE = RxSwiftPracticeTests/Info.plist;
				LD_RUNPATH_SEARCH_PATHS = "$(inherited) @executable_path/Frameworks @loader_path/Frameworks";
				PRODUCT_BUNDLE_IDENTIFIER = stu.yhoshino11.RxSwiftPracticeTests;
				PRODUCT_NAME = "$(TARGET_NAME)";
				SWIFT_VERSION = 3.0;
				TEST_HOST = "$(BUILT_PRODUCTS_DIR)/RxSwiftPractice.app/RxSwiftPractice";
			};
			name = Release;
		};
		E2D401A61DDDF8810021C3D4 /* Debug */ = {
			isa = XCBuildConfiguration;
			baseConfigurationReference = 6A9D8F3A7A2B8236B592D03C /* Pods-RxSwiftPracticeUITests.debug.xcconfig */;
			buildSettings = {
				ALWAYS_EMBED_SWIFT_STANDARD_LIBRARIES = YES;
				DEVELOPMENT_TEAM = AUJHBFXVZ3;
				INFOPLIST_FILE = RxSwiftPracticeUITests/Info.plist;
				LD_RUNPATH_SEARCH_PATHS = "$(inherited) @executable_path/Frameworks @loader_path/Frameworks";
				PRODUCT_BUNDLE_IDENTIFIER = stu.yhoshino11.RxSwiftPracticeUITests;
				PRODUCT_NAME = "$(TARGET_NAME)";
				SWIFT_VERSION = 3.0;
				TEST_TARGET_NAME = RxSwiftPractice;
			};
			name = Debug;
		};
		E2D401A71DDDF8810021C3D4 /* Release */ = {
			isa = XCBuildConfiguration;
			baseConfigurationReference = 862B925F86085204A99D2A4F /* Pods-RxSwiftPracticeUITests.release.xcconfig */;
			buildSettings = {
				ALWAYS_EMBED_SWIFT_STANDARD_LIBRARIES = YES;
				DEVELOPMENT_TEAM = AUJHBFXVZ3;
				INFOPLIST_FILE = RxSwiftPracticeUITests/Info.plist;
				LD_RUNPATH_SEARCH_PATHS = "$(inherited) @executable_path/Frameworks @loader_path/Frameworks";
				PRODUCT_BUNDLE_IDENTIFIER = stu.yhoshino11.RxSwiftPracticeUITests;
				PRODUCT_NAME = "$(TARGET_NAME)";
				SWIFT_VERSION = 3.0;
				TEST_TARGET_NAME = RxSwiftPractice;
			};
			name = Release;
		};
/* End XCBuildConfiguration section */

/* Begin XCConfigurationList section */
		E2D4016F1DDDF8810021C3D4 /* Build configuration list for PBXProject "RxSwiftPractice" */ = {
			isa = XCConfigurationList;
			buildConfigurations = (
				E2D4019D1DDDF8810021C3D4 /* Debug */,
				E2D4019E1DDDF8810021C3D4 /* Release */,
			);
			defaultConfigurationIsVisible = 0;
			defaultConfigurationName = Release;
		};
		E2D4019F1DDDF8810021C3D4 /* Build configuration list for PBXNativeTarget "RxSwiftPractice" */ = {
			isa = XCConfigurationList;
			buildConfigurations = (
				E2D401A01DDDF8810021C3D4 /* Debug */,
				E2D401A11DDDF8810021C3D4 /* Release */,
			);
			defaultConfigurationIsVisible = 0;
		};
		E2D401A21DDDF8810021C3D4 /* Build configuration list for PBXNativeTarget "RxSwiftPracticeTests" */ = {
			isa = XCConfigurationList;
			buildConfigurations = (
				E2D401A31DDDF8810021C3D4 /* Debug */,
				E2D401A41DDDF8810021C3D4 /* Release */,
			);
			defaultConfigurationIsVisible = 0;
		};
		E2D401A51DDDF8810021C3D4 /* Build configuration list for PBXNativeTarget "RxSwiftPracticeUITests" */ = {
			isa = XCConfigurationList;
			buildConfigurations = (
				E2D401A61DDDF8810021C3D4 /* Debug */,
				E2D401A71DDDF8810021C3D4 /* Release */,
			);
			defaultConfigurationIsVisible = 0;
		};
/* End XCConfigurationList section */

/* Begin XCVersionGroup section */
		E2D4017E1DDDF8810021C3D4 /* RxSwiftPractice.xcdatamodeld */ = {
			isa = XCVersionGroup;
			children = (
				E2D4017F1DDDF8810021C3D4 /* RxSwiftPractice.xcdatamodel */,
			);
			currentVersion = E2D4017F1DDDF8810021C3D4 /* RxSwiftPractice.xcdatamodel */;
			path = RxSwiftPractice.xcdatamodeld;
			sourceTree = "<group>";
			versionGroupType = wrapper.xcdatamodel;
		};
/* End XCVersionGroup section */
	};
	rootObject = E2D4016C1DDDF8810021C3D4 /* Project object */;
}
